
Microsoft Visual Studio Solution File, Format Version 12.00
# Visual Studio Version 16
VisualStudioVersion = 16.0.30406.217
MinimumVisualStudioVersion = 10.0.40219.1
Project("{FAE04EC0-301F-11D3-BF4B-00C04F79EFBC}") = "Golden-Ticket", "Golden-Ticket\Golden-Ticket.csproj", "{9C2A7B3F-A484-4286-8D2A-774AE33F28EB}"
EndProject
Global
	GlobalSection(SolutionConfigurationPlatforms) = preSolution
		Debug|Any CPU = Debug|Any CPU
		Release|Any CPU = Release|Any CPU
	EndGlobalSection
	GlobalSection(ProjectConfigurationPlatforms) = postSolution
		{9C2A7B3F-A484-4286-8D2A-774AE33F28EB}.Debug|Any CPU.ActiveCfg = Debug|Any CPU
		{9C2A7B3F-A484-4286-8D2A-774AE33F28EB}.Debug|Any CPU.Build.0 = Debug|Any CPU
		{9C2A7B3F-A484-4286-8D2A-774AE33F28EB}.Release|Any CPU.ActiveCfg = Release|Any CPU
		{9C2A7B3F-A484-4286-8D2A-774AE33F28EB}.Release|Any CPU.Build.0 = Release|Any CPU
	EndGlobalSection
	GlobalSection(SolutionProperties) = preSolution
		HideSolutionNode = FALSE
	EndGlobalSection
	GlobalSection(ExtensibilityGlobals) = postSolution
		SolutionGuid = {AF6DFE02-A58A-41E2-A35C-113C738FBA49}
	EndGlobalSection
EndGlobal
